// !$*UTF8*$!
{
	archiveVersion = 1;
	classes = {
	};
	objectVersion = 55;
	objects = {

/* Begin PBXBuildFile section */
		10D9C48A26FB1C2D00FCE057 /* AppDelegate.swift in Sources */ = {isa = PBXBuildFile; fileRef = 10D9C48926FB1C2D00FCE057 /* AppDelegate.swift */; };
		10D9C48C26FB1C2D00FCE057 /* SceneDelegate.swift in Sources */ = {isa = PBXBuildFile; fileRef = 10D9C48B26FB1C2D00FCE057 /* SceneDelegate.swift */; };
		10D9C48E26FB1C2D00FCE057 /* ViewController.swift in Sources */ = {isa = PBXBuildFile; fileRef = 10D9C48D26FB1C2D00FCE057 /* ViewController.swift */; };
		10D9C49326FB1C3100FCE057 /* Assets.xcassets in Resources */ = {isa = PBXBuildFile; fileRef = 10D9C49226FB1C3100FCE057 /* Assets.xcassets */; };
		10D9C49626FB1C3100FCE057 /* LaunchScreen.storyboard in Resources */ = {isa = PBXBuildFile; fileRef = 10D9C49426FB1C3100FCE057 /* LaunchScreen.storyboard */; };
		10D9C49E26FB1C7100FCE057 /* Main.storyboard in Resources */ = {isa = PBXBuildFile; fileRef = 10D9C49D26FB1C7100FCE057 /* Main.storyboard */; };
		10D9C4A026FB1C9D00FCE057 /* YOLOv3.mlmodel in Sources */ = {isa = PBXBuildFile; fileRef = 10D9C49F26FB1C9D00FCE057 /* YOLOv3.mlmodel */; };
/* End PBXBuildFile section */

/* Begin PBXFileReference section */
		10D9C48626FB1C2D00FCE057 /* Yolo Based Object Detection.app */ = {isa = PBXFileReference; explicitFileType = wrapper.application; includeInIndex = 0; path = "Yolo Based Object Detection.app"; sourceTree = BUILT_PRODUCTS_DIR; };
		10D9C48926FB1C2D00FCE057 /* AppDelegate.swift */ = {isa = PBXFileReference; lastKnownFileType = sourcecode.swift; path = AppDelegate.swift; sourceTree = "<group>"; };
		10D9C48B26FB1C2D00FCE057 /* SceneDelegate.swift */ = {isa = PBXFileReference; lastKnownFileType = sourcecode.swift; path = SceneDelegate.swift; sourceTree = "<group>"; };
		10D9C48D26FB1C2D00FCE057 /* ViewController.swift */ = {isa = PBXFileReference; lastKnownFileType = sourcecode.swift; path = ViewController.swift; sourceTree = "<group>"; };
		10D9C49226FB1C3100FCE057 /* Assets.xcassets */ = {isa = PBXFileReference; lastKnownFileType = folder.assetcatalog; path = Assets.xcassets; sourceTree = "<group>"; };
		10D9C49526FB1C3100FCE057 /* Base */ = {isa = PBXFileReference; lastKnownFileType = file.storyboard; name = Base; path = Base.lproj/LaunchScreen.storyboard; sourceTree = "<group>"; };
		10D9C49726FB1C3100FCE057 /* Info.plist */ = {isa = PBXFileReference; lastKnownFileType = text.plist.xml; path = Info.plist; sourceTree = "<group>"; };
		10D9C49D26FB1C7100FCE057 /* Main.storyboard */ = {isa = PBXFileReference; fileEncoding = 4; lastKnownFileType = file.storyboard; path = Main.storyboard; sourceTree = "<group>"; };
		10D9C49F26FB1C9D00FCE057 /* YOLOv3.mlmodel */ = {isa = PBXFileReference; lastKnownFileType = file.mlmodel; path = YOLOv3.mlmodel; sourceTree = "<group>"; };
/* End PBXFileReference section */

/* Begin PBXFrameworksBuildPhase section */
		10D9C48326FB1C2D00FCE057 /* Frameworks */ = {
			isa = PBXFrameworksBuildPhase;
			buildActionMask = 2147483647;
			files = (
			);
			runOnlyForDeploymentPostprocessing = 0;
		};
/* End PBXFrameworksBuildPhase section */

/* Begin PBXGroup section */
		10D9C47D26FB1C2D00FCE057 = {
			isa = PBXGroup;
			children = (
				10D9C48826FB1C2D00FCE057 /* Yolo Based Object Detection */,
				10D9C48726FB1C2D00FCE057 /* Products */,
			);
			sourceTree = "<group>";
		};
		10D9C48726FB1C2D00FCE057 /* Products */ = {
			isa = PBXGroup;
			children = (
				10D9C48626FB1C2D00FCE057 /* Yolo Based Object Detection.app */,
			);
			name = Products;
			sourceTree = "<group>";
		};
		10D9C48826FB1C2D00FCE057 /* Yolo Based Object Detection */ = {
			isa = PBXGroup;
			children = (
				10D9C49F26FB1C9D00FCE057 /* YOLOv3.mlmodel */,
				10D9C48926FB1C2D00FCE057 /* AppDelegate.swift */,
				10D9C48B26FB1C2D00FCE057 /* SceneDelegate.swift */,
				10D9C48D26FB1C2D00FCE057 /* ViewController.swift */,
				10D9C49D26FB1C7100FCE057 /* Main.storyboard */,
				10D9C49226FB1C3100FCE057 /* Assets.xcassets */,
				10D9C49426FB1C3100FCE057 /* LaunchScreen.storyboard */,
				10D9C49726FB1C3100FCE057 /* Info.plist */,
			);
			path = "Yolo Based Object Detection";
			sourceTree = "<group>";
		};
/* End PBXGroup section */

/* Begin PBXNativeTarget section */
		10D9C48526FB1C2D00FCE057 /* Yolo Based Object Detection */ = {
			isa = PBXNativeTarget;
			buildConfigurationList = 10D9C49A26FB1C3100FCE057 /* Build configuration list for PBXNativeTarget "Yolo Based Object Detection" */;
			buildPhases = (
				10D9C48226FB1C2D00FCE057 /* Sources */,
				10D9C48326FB1C2D00FCE057 /* Frameworks */,
				10D9C48426FB1C2D00FCE057 /* Resources */,
			);
			buildRules = (
			);
			dependencies = (
			);
			name = "Yolo Based Object Detection";
			productName = "Yolo Based Object Detection";
			productReference = 10D9C48626FB1C2D00FCE057 /* Yolo Based Object Detection.app */;
			productType = "com.apple.product-type.application";
		};
/* End PBXNativeTarget section */

/* Begin PBXProject section */
		10D9C47E26FB1C2D00FCE057 /* Project object */ = {
			isa = PBXProject;
			attributes = {
				BuildIndependentTargetsInParallel = 1;
				LastSwiftUpdateCheck = 1300;
				LastUpgradeCheck = 1300;
				TargetAttributes = {
					10D9C48526FB1C2D00FCE057 = {
						CreatedOnToolsVersion = 13.0;
					};
				};
			};
			buildConfigurationList = 10D9C48126FB1C2D00FCE057 /* Build configuration list for PBXProject "Yolo Based Object Detection" */;
			compatibilityVersion = "Xcode 13.0";
			developmentRegion = en;
			hasScannedForEncodings = 0;
			knownRegions = (
				en,
				Base,
			);
			mainGroup = 10D9C47D26FB1C2D00FCE057;
			productRefGroup = 10D9C48726FB1C2D00FCE057 /* Products */;
			projectDirPath = "";
			projectRoot = "";
			targets = (
				10D9C48526FB1C2D00FCE057 /* Yolo Based Object Detection */,
			);
		};
/* End PBXProject section */

/* Begin PBXResourcesBuildPhase section */
		10D9C48426FB1C2D00FCE057 /* Resources */ = {
			isa = PBXResourcesBuildPhase;
			buildActionMask = 2147483647;
			files = (
				10D9C49E26FB1C7100FCE057 /* Main.storyboard in Resources */,
				10D9C49626FB1C3100FCE057 /* LaunchScreen.storyboard in Resources */,
				10D9C49326FB1C3100FCE057 /* Assets.xcassets in Resources */,
			);
			runOnlyForDeploymentPostprocessing = 0;
		};
/* End PBXResourcesBuildPhase section */

/* Begin PBXSourcesBuildPhase section */
		10D9C48226FB1C2D00FCE057 /* Sources */ = {
			isa = PBXSourcesBuildPhase;
			buildActionMask = 2147483647;
			files = (
				10D9C48E26FB1C2D00FCE057 /* ViewController.swift in Sources */,
				10D9C48A26FB1C2D00FCE057 /* AppDelegate.swift in Sources */,
				10D9C4A026FB1C9D00FCE057 /* YOLOv3.mlmodel in Sources */,
				10D9C48C26FB1C2D00FCE057 /* SceneDelegate.swift in Sources */,
			);
			runOnlyForDeploymentPostprocessing = 0;
		};
/* End PBXSourcesBuildPhase section */

/* Begin PBXVariantGroup section */
		10D9C49426FB1C3100FCE057 /* LaunchScreen.storyboard */ = {
			isa = PBXVariantGroup;
			children = (
				10D9C49526FB1C3100FCE057 /* Base */,
			);
			name = LaunchScreen.storyboard;
			sourceTree = "<group>";
		};
/* End PBXVariantGroup section */

/* Begin XCBuildConfiguration section */
		10D9C49826FB1C3100FCE057 /* Debug */ = {
			isa = XCBuildConfiguration;
			buildSettings = {
				ALWAYS_SEARCH_USER_PATHS = NO;
				CLANG_ANALYZER_NONNULL = YES;
				CLANG_ANALYZER_NUMBER_OBJECT_CONVERSION = YES_AGGRESSIVE;
				CLANG_CXX_LANGUAGE_STANDARD = "gnu++17";
				CLANG_CXX_LIBRARY = "libc++";
				CLANG_ENABLE_MODULES = YES;
				CLANG_ENABLE_OBJC_ARC = YES;
				CLANG_ENABLE_OBJC_WEAK = YES;
				CLANG_WARN_BLOCK_CAPTURE_AUTORELEASING = YES;
				CLANG_WARN_BOOL_CONVERSION = YES;
				CLANG_WARN_COMMA = YES;
				CLANG_WARN_CONSTANT_CONVERSION = YES;
				CLANG_WARN_DEPRECATED_OBJC_IMPLEMENTATIONS = YES;
				CLANG_WARN_DIRECT_OBJC_ISA_USAGE = YES_ERROR;
				CLANG_WARN_DOCUMENTATION_COMMENTS = YES;
				CLANG_WARN_EMPTY_BODY = YES;
				CLANG_WARN_ENUM_CONVERSION = YES;
				CLANG_WARN_INFINITE_RECURSION = YES;
				CLANG_WARN_INT_CONVERSION = YES;
				CLANG_WARN_NON_LITERAL_NULL_CONVERSION = YES;
				CLANG_WARN_OBJC_IMPLICIT_RETAIN_SELF = YES;
				CLANG_WARN_OBJC_LITERAL_CONVERSION = YES;
				CLANG_WARN_OBJC_ROOT_CLASS = YES_ERROR;
				CLANG_WARN_QUOTED_INCLUDE_IN_FRAMEWORK_HEADER = YES;
				CLANG_WARN_RANGE_LOOP_ANALYSIS = YES;
				CLANG_WARN_STRICT_PROTOTYPES = YES;
				CLANG_WARN_SUSPICIOUS_MOVE = YES;
				CLANG_WARN_UNGUARDED_AVAILABILITY = YES_AGGRESSIVE;
				CLANG_WARN_UNREACHABLE_CODE = YES;
				CLANG_WARN__DUPLICATE_METHOD_MATCH = YES;
				COPY_PHASE_STRIP = NO;
				DEBUG_INFORMATION_FORMAT = dwarf;
				ENABLE_STRICT_OBJC_MSGSEND = YES;
				ENABLE_TESTABILITY = YES;
				GCC_C_LANGUAGE_STANDARD = gnu11;
				GCC_DYNAMIC_NO_PIC = NO;
				GCC_NO_COMMON_BLOCKS = YES;
				GCC_OPTIMIZATION_LEVEL = 0;
				GCC_PREPROCESSOR_DEFINITIONS = (
					"DEBUG=1",
					"$(inherited)",
				);
				GCC_WARN_64_TO_32_BIT_CONVERSION = YES;
				GCC_WARN_ABOUT_RETURN_TYPE = YES_ERROR;
				GCC_WARN_UNDECLARED_SELECTOR = YES;
				GCC_WARN_UNINITIALIZED_AUTOS = YES_AGGRESSIVE;
				GCC_WARN_UNUSED_FUNCTION = YES;
				GCC_WARN_UNUSED_VARIABLE = YES;
				IPHONEOS_DEPLOYMENT_TARGET = 15.0;
				MTL_ENABLE_DEBUG_INFO = INCLUDE_SOURCE;
				MTL_FAST_MATH = YES;
				ONLY_ACTIVE_ARCH = YES;
				SDKROOT = iphoneos;
				SWIFT_ACTIVE_COMPILATION_CONDITIONS = DEBUG;
				SWIFT_OPTIMIZATION_LEVEL = "-Onone";
			};
			name = Debug;
		};
		10D9C49926FB1C3100FCE057 /* Release */ = {
			isa = XCBuildConfiguration;
			buildSettings = {
				ALWAYS_SEARCH_USER_PATHS = NO;
				CLANG_ANALYZER_NONNULL = YES;
				CLANG_ANALYZER_NUMBER_OBJECT_CONVERSION = YES_AGGRESSIVE;
				CLANG_CXX_LANGUAGE_STANDARD = "gnu++17";
				CLANG_CXX_LIBRARY = "libc++";
				CLANG_ENABLE_MODULES = YES;
				CLANG_ENABLE_OBJC_ARC = YES;
				CLANG_ENABLE_OBJC_WEAK = YES;
				CLANG_WARN_BLOCK_CAPTURE_AUTORELEASING = YES;
				CLANG_WARN_BOOL_CONVERSION = YES;
				CLANG_WARN_COMMA = YES;
				CLANG_WARN_CONSTANT_CONVERSION = YES;
				CLANG_WARN_DEPRECATED_OBJC_IMPLEMENTATIONS = YES;
				CLANG_WARN_DIRECT_OBJC_ISA_USAGE = YES_ERROR;
				CLANG_WARN_DOCUMENTATION_COMMENTS = YES;
				CLANG_WARN_EMPTY_BODY = YES;
				CLANG_WARN_ENUM_CONVERSION = YES;
				CLANG_WARN_INFINITE_RECURSION = YES;
				CLANG_WARN_INT_CONVERSION = YES;
				CLANG_WARN_NON_LITERAL_NULL_CONVERSION = YES;
				CLANG_WARN_OBJC_IMPLICIT_RETAIN_SELF = YES;
				CLANG_WARN_OBJC_LITERAL_CONVERSION = YES;
				CLANG_WARN_OBJC_ROOT_CLASS = YES_ERROR;
				CLANG_WARN_QUOTED_INCLUDE_IN_FRAMEWORK_HEADER = YES;
				CLANG_WARN_RANGE_LOOP_ANALYSIS = YES;
				CLANG_WARN_STRICT_PROTOTYPES = YES;
				CLANG_WARN_SUSPICIOUS_MOVE = YES;
				CLANG_WARN_UNGUARDED_AVAILABILITY = YES_AGGRESSIVE;
				CLANG_WARN_UNREACHABLE_CODE = YES;
				CLANG_WARN__DUPLICATE_METHOD_MATCH = YES;
				COPY_PHASE_STRIP = NO;
				DEBUG_INFORMATION_FORMAT = "dwarf-with-dsym";
				ENABLE_NS_ASSERTIONS = NO;
				ENABLE_STRICT_OBJC_MSGSEND = YES;
				GCC_C_LANGUAGE_STANDARD = gnu11;
				GCC_NO_COMMON_BLOCKS = YES;
				GCC_WARN_64_TO_32_BIT_CONVERSION = YES;
				GCC_WARN_ABOUT_RETURN_TYPE = YES_ERROR;
				GCC_WARN_UNDECLARED_SELECTOR = YES;
				GCC_WARN_UNINITIALIZED_AUTOS = YES_AGGRESSIVE;
				GCC_WARN_UNUSED_FUNCTION = YES;
				GCC_WARN_UNUSED_VARIABLE = YES;
				IPHONEOS_DEPLOYMENT_TARGET = 15.0;
				MTL_ENABLE_DEBUG_INFO = NO;
				MTL_FAST_MATH = YES;
				SDKROOT = iphoneos;
				SWIFT_COMPILATION_MODE = wholemodule;
				SWIFT_OPTIMIZATION_LEVEL = "-O";
				VALIDATE_PRODUCT = YES;
			};
			name = Release;
		};
		10D9C49B26FB1C3100FCE057 /* Debug */ = {
			isa = XCBuildConfiguration;
			buildSettings = {
				ASSETCATALOG_COMPILER_APPICON_NAME = AppIcon;
				ASSETCATALOG_COMPILER_GLOBAL_ACCENT_COLOR_NAME = AccentColor;
				CODE_SIGN_STYLE = Automatic;
				CURRENT_PROJECT_VERSION = 1;
				DEVELOPMENT_TEAM = K9T9S7CL7K;
				GENERATE_INFOPLIST_FILE = YES;
				INFOPLIST_FILE = "Yolo Based Object Detection/Info.plist";
				INFOPLIST_KEY_UIApplicationSupportsIndirectInputEvents = YES;
				INFOPLIST_KEY_UILaunchStoryboardName = LaunchScreen;
				INFOPLIST_KEY_UIMainStoryboardFile = Main;
				INFOPLIST_KEY_UISupportedInterfaceOrientations_iPad = "UIInterfaceOrientationPortrait UIInterfaceOrientationPortraitUpsideDown UIInterfaceOrientationLandscapeLeft UIInterfaceOrientationLandscapeRight";
				INFOPLIST_KEY_UISupportedInterfaceOrientations_iPhone = "UIInterfaceOrientationPortrait UIInterfaceOrientationLandscapeLeft UIInterfaceOrientationLandscapeRight";
				LD_RUNPATH_SEARCH_PATHS = (
					"$(inherited)",
					"@executable_path/Frameworks",
				);
				MARKETING_VERSION = 1.0;
				PRODUCT_BUNDLE_IDENTIFIER = "ozanbilgili.Yolo-Based-Object-Detection";
				PRODUCT_NAME = "$(TARGET_NAME)";
				SWIFT_EMIT_LOC_STRINGS = YES;
				SWIFT_VERSION = 5.0;
				TARGETED_DEVICE_FAMILY = "1,2";
			};
			name = Debug;
		};
		10D9C49C26FB1C3100FCE057 /* Release */ = {
			isa = XCBuildConfiguration;
			buildSettings = {
				ASSETCATALOG_COMPILER_APPICON_NAME = AppIcon;
				ASSETCATALOG_COMPILER_GLOBAL_ACCENT_COLOR_NAME = AccentColor;
				CODE_SIGN_STYLE = Automatic;
				CURRENT_PROJECT_VERSION = 1;
				DEVELOPMENT_TEAM = K9T9S7CL7K;
				GENERATE_INFOPLIST_FILE = YES;
				INFOPLIST_FILE = "Yolo Based Object Detection/Info.plist";
				INFOPLIST_KEY_UIApplicationSupportsIndirectInputEvents = YES;
				INFOPLIST_KEY_UILaunchStoryboardName = LaunchScreen;
				INFOPLIST_KEY_UIMainStoryboardFile = Main;
				INFOPLIST_KEY_UISupportedInterfaceOrientations_iPad = "UIInterfaceOrientationPortrait UIInterfaceOrientationPortraitUpsideDown UIInterfaceOrientationLandscapeLeft UIInterfaceOrientationLandscapeRight";
				INFOPLIST_KEY_UISupportedInterfaceOrientations_iPhone = "UIInterfaceOrientationPortrait UIInterfaceOrientationLandscapeLeft UIInterfaceOrientationLandscapeRight";
				LD_RUNPATH_SEARCH_PATHS = (
					"$(inherited)",
					"@executable_path/Frameworks",
				);
				MARKETING_VERSION = 1.0;
				PRODUCT_BUNDLE_IDENTIFIER = "ozanbilgili.Yolo-Based-Object-Detection";
				PRODUCT_NAME = "$(TARGET_NAME)";
				SWIFT_EMIT_LOC_STRINGS = YES;
				SWIFT_VERSION = 5.0;
				TARGETED_DEVICE_FAMILY = "1,2";
			};
			name = Release;
		};
/* End XCBuildConfiguration section */

/* Begin XCConfigurationList section */
		10D9C48126FB1C2D00FCE057 /* Build configuration list for PBXProject "Yolo Based Object Detection" */ = {
			isa = XCConfigurationList;
			buildConfigurations = (
				10D9C49826FB1C3100FCE057 /* Debug */,
				10D9C49926FB1C3100FCE057 /* Release */,
			);
			defaultConfigurationIsVisible = 0;
			defaultConfigurationName = Release;
		};
		10D9C49A26FB1C3100FCE057 /* Build configuration list for PBXNativeTarget "Yolo Based Object Detection" */ = {
			isa = XCConfigurationList;
			buildConfigurations = (
				10D9C49B26FB1C3100FCE057 /* Debug */,
				10D9C49C26FB1C3100FCE057 /* Release */,
			);
			defaultConfigurationIsVisible = 0;
			defaultConfigurationName = Release;
		};
/* End XCConfigurationList section */
	};
	rootObject = 10D9C47E26FB1C2D00FCE057 /* Project object */;
}
